
Microsoft Visual Studio Solution File, Format Version 12.00
# Visual Studio Version 17
VisualStudioVersion = 17.4.33213.308
MinimumVisualStudioVersion = 10.0.40219.1
Project("{9A19103F-16F7-4668-BE54-9A1E7A4F7556}") = "CuaHangThuocTanDuoc", "CuaHangThuocTanDuoc\CuaHangThuocTanDuoc.csproj", "{22EABF3F-11A9-4597-A5A1-3C57F0DDBA6A}"
EndProject
Project("{2150E333-8FDC-42A3-9474-1A3956D46DE8}") = "Solution Items", "Solution Items", "{272CD117-A70A-438D-A94C-444262693ED9}"
	ProjectSection(SolutionItems) = preProject
		.editorconfig = .editorconfig
	EndProjectSection
EndProject
Global
	GlobalSection(SolutionConfigurationPlatforms) = preSolution
		Debug|Any CPU = Debug|Any CPU
		Release|Any CPU = Release|Any CPU
	EndGlobalSection
	GlobalSection(ProjectConfigurationPlatforms) = postSolution
		{22EABF3F-11A9-4597-A5A1-3C57F0DDBA6A}.Debug|Any CPU.ActiveCfg = Debug|Any CPU
		{22EABF3F-11A9-4597-A5A1-3C57F0DDBA6A}.Debug|Any CPU.Build.0 = Debug|Any CPU
		{22EABF3F-11A9-4597-A5A1-3C57F0DDBA6A}.Release|Any CPU.ActiveCfg = Release|Any CPU
		{22EABF3F-11A9-4597-A5A1-3C57F0DDBA6A}.Release|Any CPU.Build.0 = Release|Any CPU
	EndGlobalSection
	GlobalSection(SolutionProperties) = preSolution
		HideSolutionNode = FALSE
	EndGlobalSection
	GlobalSection(ExtensibilityGlobals) = postSolution
		SolutionGuid = {0034F049-8D82-43F1-9BB6-9693B3D70596}
	EndGlobalSection
EndGlobal
